{
  "nodes": {
    "nixpkgs": {
      "locked": {
        "lastModified": 1765279950,
        "narHash": "sha256-9j4rjw3x9uRo0OBwz0uBhukXtdgLAymoLZflfCDoMI4=",
        "owner": "nixos",
        "repo": "nixpkgs",
        "rev": "154743920299227a623961726988ac3d02382799",
        "type": "github"
      },
      "original": {
        "owner": "nixos",
        "ref": "master",
        "repo": "nixpkgs",
        "type": "github"
      }
    },
    "root": {
      "inputs": {
        "nixpkgs": "nixpkgs"
      }
    }
  },
  "root": "root",
  "version": 7
}
